
Microsoft Visual Studio Solution File, Format Version 12.00
# Visual Studio Version 16
VisualStudioVersion = 16.0.29709.97
MinimumVisualStudioVersion = 10.0.40219.1
Project("{FAE04EC0-301F-11D3-BF4B-00C04F79EFBC}") = "GroupMovieAPIProject", "GroupMovieAPIProject\GroupMovieAPIProject.csproj", "{F1D00BDE-6572-460A-9A1B-78824210F78A}"
EndProject
Global
	GlobalSection(SolutionConfigurationPlatforms) = preSolution
		Debug|Any CPU = Debug|Any CPU
		Release|Any CPU = Release|Any CPU
	EndGlobalSection
	GlobalSection(ProjectConfigurationPlatforms) = postSolution
		{F1D00BDE-6572-460A-9A1B-78824210F78A}.Debug|Any CPU.ActiveCfg = Debug|Any CPU
		{F1D00BDE-6572-460A-9A1B-78824210F78A}.Debug|Any CPU.Build.0 = Debug|Any CPU
		{F1D00BDE-6572-460A-9A1B-78824210F78A}.Release|Any CPU.ActiveCfg = Release|Any CPU
		{F1D00BDE-6572-460A-9A1B-78824210F78A}.Release|Any CPU.Build.0 = Release|Any CPU
	EndGlobalSection
	GlobalSection(SolutionProperties) = preSolution
		HideSolutionNode = FALSE
	EndGlobalSection
	GlobalSection(ExtensibilityGlobals) = postSolution
		SolutionGuid = {F656919C-0095-4512-86E4-6BFFD045A832}
	EndGlobalSection
EndGlobal
